
Microsoft Visual Studio Solution File, Format Version 12.00
# Visual Studio Version 17
VisualStudioVersion = 17.11.35219.272
MinimumVisualStudioVersion = 10.0.40219.1
Project("{9A19103F-16F7-4668-BE54-9A1E7A4F7556}") = "TodoistTest", "TodoistTest.csproj", "{8EC9942D-E883-4CAD-8F50-07E2DEC3326E}"
EndProject
Project("{2150E333-8FDC-42A3-9474-1A3956D46DE8}") = "Pipelines", "Pipelines", "{D8582A4E-5A4C-4427-8E5E-42BE3C3946FA}"
	ProjectSection(SolutionItems) = preProject
		pipeline.yaml = pipeline.yaml
	EndProjectSection
EndProject
Global
	GlobalSection(SolutionConfigurationPlatforms) = preSolution
		Debug|Any CPU = Debug|Any CPU
		Release|Any CPU = Release|Any CPU
	EndGlobalSection
	GlobalSection(ProjectConfigurationPlatforms) = postSolution
		{8EC9942D-E883-4CAD-8F50-07E2DEC3326E}.Debug|Any CPU.ActiveCfg = Debug|Any CPU
		{8EC9942D-E883-4CAD-8F50-07E2DEC3326E}.Debug|Any CPU.Build.0 = Debug|Any CPU
		{8EC9942D-E883-4CAD-8F50-07E2DEC3326E}.Release|Any CPU.ActiveCfg = Release|Any CPU
		{8EC9942D-E883-4CAD-8F50-07E2DEC3326E}.Release|Any CPU.Build.0 = Release|Any CPU
	EndGlobalSection
	GlobalSection(SolutionProperties) = preSolution
		HideSolutionNode = FALSE
	EndGlobalSection
	GlobalSection(ExtensibilityGlobals) = postSolution
		SolutionGuid = {90BC6834-69B7-49AE-8CA1-E195D255B881}
	EndGlobalSection
EndGlobal
